
Microsoft Visual Studio Solution File, Format Version 12.00
# Visual Studio 15
Project("{FAE04EC0-301F-11D3-BF4B-00C04F79EFBC}") = "Assembly-CSharp", "Assembly-CSharp.csproj", "{6CFA71FE-1A57-F889-4F15-3DD5363C485F}"
EndProject
Project("{FAE04EC0-301F-11D3-BF4B-00C04F79EFBC}") = "Assembly-CSharp-Editor", "Assembly-CSharp-Editor.csproj", "{DB333B1A-9576-9BDA-2DFE-06C1ED0AFE06}"
EndProject
Global
	GlobalSection(SolutionConfigurationPlatforms) = preSolution
		Debug|Any CPU = Debug|Any CPU
		Release|Any CPU = Release|Any CPU
	EndGlobalSection
	GlobalSection(ProjectConfigurationPlatforms) = postSolution
		{6CFA71FE-1A57-F889-4F15-3DD5363C485F}.Debug|Any CPU.ActiveCfg = Debug|Any CPU
		{6CFA71FE-1A57-F889-4F15-3DD5363C485F}.Debug|Any CPU.Build.0 = Debug|Any CPU
		{6CFA71FE-1A57-F889-4F15-3DD5363C485F}.Release|Any CPU.ActiveCfg = Release|Any CPU
		{6CFA71FE-1A57-F889-4F15-3DD5363C485F}.Release|Any CPU.Build.0 = Release|Any CPU
		{DB333B1A-9576-9BDA-2DFE-06C1ED0AFE06}.Debug|Any CPU.ActiveCfg = Debug|Any CPU
		{DB333B1A-9576-9BDA-2DFE-06C1ED0AFE06}.Debug|Any CPU.Build.0 = Debug|Any CPU
		{DB333B1A-9576-9BDA-2DFE-06C1ED0AFE06}.Release|Any CPU.ActiveCfg = Release|Any CPU
		{DB333B1A-9576-9BDA-2DFE-06C1ED0AFE06}.Release|Any CPU.Build.0 = Release|Any CPU
	EndGlobalSection
	GlobalSection(SolutionProperties) = preSolution
		HideSolutionNode = FALSE
	EndGlobalSection
EndGlobal
